<?xml version="1.0" encoding="utf-8"?>
<Project ToolsVersion="4.0" xmlns="http://schemas.microsoft.com/developer/msbuild/2003">
  <ItemGroup>
    <ClCompile Include="..\src\main.cpp" />
    <ClCompile Include="..\detection\common\src\detectionCom.cpp">
      <Filter>Detection\src</Filter>
    </ClCompile>
    <ClCompile Include="..\detection\fasterrcnn\src\fasterrcnn_interface.cpp">
      <Filter>Detection\src</Filter>
    </ClCompile>
    <ClCompile Include="..\detection\rfcn\src\rfcn_interface.cpp">
      <Filter>Detection\src</Filter>
    </ClCompile>
    <ClCompile Include="..\detection\yolo\src\yolo_interface.cpp">
      <Filter>Detection\src</Filter>
    </ClCompile>
    <ClCompile Include="..\detection\ssd\src\ssd_interface.cpp">
      <Filter>Detection\src</Filter>
    </ClCompile>
    <ClCompile Include="..\detection\ssd\src\ssd_software.cpp">
      <Filter>Detection\src</Filter>
    </ClCompile>
    <ClCompile Include="..\src\SvpSampleClassification.cpp">
      <Filter>SvpSample\src</Filter>
    </ClCompile>
    <ClCompile Include="..\src\SvpSampleCom.cpp">
      <Filter>SvpSample\src</Filter>
    </ClCompile>
    <ClCompile Include="..\src\SvpSampleDetectionOneSeg.cpp">
      <Filter>SvpSample\src</Filter>
    </ClCompile>
    <ClCompile Include="..\src\SvpSampleFasterRcnn.cpp">
      <Filter>SvpSample\src</Filter>
    </ClCompile>
    <ClCompile Include="..\src\SvpSampleLSTM.cpp">
      <Filter>SvpSample\src</Filter>
    </ClCompile>
    <ClCompile Include="..\src\SvpSampleNetCom.cpp">
      <Filter>SvpSample\src</Filter>
    </ClCompile>
    <ClCompile Include="..\src\SvpSampleRFCN.cpp">
      <Filter>SvpSample\src</Filter>
    </ClCompile>
    <ClCompile Include="..\src\SvpSampleSegnet.cpp">
      <Filter>SvpSample\src</Filter>
    </ClCompile>
    <ClCompile Include="..\src\SvpSampleYolov1.cpp">
      <Filter>SvpSample\src</Filter>
    </ClCompile>
    <ClCompile Include="..\src\SvpSampleYolov2.cpp">
      <Filter>SvpSample\src</Filter>
    </ClCompile>
    <ClCompile Include="..\src\SvpSampleYolov3.cpp">
      <Filter>SvpSample\src</Filter>
    </ClCompile>
    <ClCompile Include="..\src\SvpSampleSsd.cpp">
      <Filter>SvpSample\src</Filter>
    </ClCompile>
    <ClCompile Include="..\utils\cv\src\cv_read_image.cpp">
      <Filter>CV\src</Filter>
    </ClCompile>
    <ClCompile Include="..\utils\cv\src\cv_write_segment.cpp">
      <Filter>CV\src</Filter>
    </ClCompile>
    <ClCompile Include="..\utils\cv\src\cv_draw_rect.cpp">
      <Filter>CV\src</Filter>
    </ClCompile>
  </ItemGroup>
  <ItemGroup>
    <ClInclude Include="..\detection\common\include\detectionCom.h">
      <Filter>Detection\include</Filter>
    </ClInclude>
    <ClInclude Include="..\detection\fasterrcnn\include\fasterrcnn_interface.h">
      <Filter>Detection\include</Filter>
    </ClInclude>
    <ClInclude Include="..\detection\rfcn\include\rfcn_interface.h">
      <Filter>Detection\include</Filter>
    </ClInclude>
    <ClInclude Include="..\detection\yolo\include\yolo_interface.h">
      <Filter>Detection\include</Filter>
    </ClInclude>
    <ClInclude Include="..\detection\ssd\include\ssd_interface.h">
      <Filter>Detection\include</Filter>
    </ClInclude>
    <ClInclude Include="..\detection\ssd\include\ssd_software.h">
      <Filter>Detection\include</Filter>
    </ClInclude>
    <ClInclude Include="..\utils\cv\include\cv_read_image.h">
      <Filter>CV\include</Filter>
    </ClInclude>
    <ClInclude Include="..\utils\cv\include\cv_write_segment.h">
      <Filter>CV\include</Filter>
    </ClInclude>
    <ClInclude Include="..\utils\cv\include\cv_draw_rect.h">
      <Filter>CV\include</Filter>
    </ClInclude>
    <ClInclude Include="..\include\SvpSampleCom.h">
      <Filter>SvpSample\include</Filter>
    </ClInclude>
    <ClInclude Include="..\include\SvpSampleWk.h">
      <Filter>SvpSample\include</Filter>
    </ClInclude>
    <ClInclude Include="..\include\SvpSampleYolo.h">
      <Filter>SvpSample\include</Filter>
    </ClInclude>
    <ClInclude Include="..\include\SvpSampleSsd.h">
      <Filter>SvpSample\include</Filter>
    </ClInclude>
  </ItemGroup>
  <ItemGroup>
    <Filter Include="SvpSample">
      <UniqueIdentifier>{849b629b-d785-41da-a9f4-e1d9e55337b4}</UniqueIdentifier>
    </Filter>
    <Filter Include="Detection">
      <UniqueIdentifier>{51e47baa-d204-45c0-b2a9-1aa14bf43d2a}</UniqueIdentifier>
    </Filter>
    <Filter Include="Detection\include">
      <UniqueIdentifier>{ad950de3-40b7-4979-a893-a4dd9abf2000}</UniqueIdentifier>
    </Filter>
    <Filter Include="Detection\src">
      <UniqueIdentifier>{96c047d2-bab4-44b6-a0a5-3d0670eae2c7}</UniqueIdentifier>
    </Filter>
    <Filter Include="SvpSample\src">
      <UniqueIdentifier>{41e967f3-5603-4bdd-ad02-569151ee3bbf}</UniqueIdentifier>
    </Filter>
    <Filter Include="SvpSample\include">
      <UniqueIdentifier>{31bdacae-b143-4daf-95f5-2eeff659da34}</UniqueIdentifier>
    </Filter>
    <Filter Include="CV">
      <UniqueIdentifier>{c63ad4da-35c0-4f50-87e1-0f7d4a9dd81a}</UniqueIdentifier>
    </Filter>
    <Filter Include="CV\src">
      <UniqueIdentifier>{bbfd923d-6115-4767-8fdc-a3db513ddc83}</UniqueIdentifier>
    </Filter>
    <Filter Include="CV\include">
      <UniqueIdentifier>{4c2b77aa-fdfe-4df4-bf3f-dc2f291b7f65}</UniqueIdentifier>
    </Filter>
  </ItemGroup>
</Project>