<?xml version="1.0" encoding="utf-8"?>
<Project ToolsVersion="4.0" xmlns="http://schemas.microsoft.com/developer/msbuild/2003">
  <ItemGroup>
    <ClCompile Include="..\src\main.cpp" />
    <ClCompile Include="..\detection\common\src\detectionCom.cpp">
      <Filter>Detection\src</Filter>
    </ClCompile>
    <ClCompile Include="..\detection\fasterrcnn\src\fasterrcnn_interface.cpp">
      <Filter>Detection\src</Filter>
    </ClCompile>
    <ClCompile Include="..\detection\rfcn\src\rfcn_interface.cpp">
      <Filter>Detection\src</Filter>
    </ClCompile>
    <ClCompile Include="..\detection\yolo\src\yolo_interface.cpp">
      <Filter>Detection\src</Filter>
    </ClCompile>
    <ClCompile Include="..\detection\ssd\src\ssd_interface.cpp">
      <Filter>Detection\src</Filter>
    </ClCompile>
    <ClCompile Include="..\detection\ssd\src\ssd_software.cpp">
      <Filter>Detection\src</Filter>
    </ClCompile>
    <ClCompile Include="..\src\SvpSampleClassification.cpp">
      <Filter>SvpSample\src</Filter>
    </ClCompile>
    <ClCompile Include="..\src\SvpSampleCom.cpp">
      <Filter>SvpSample\src</Filter>
    </ClCompile>
    <ClCompile Include="..\src\SvpSampleDetectionOneSeg.cpp">
      <Filter>SvpSample\src</Filter>
    </ClCompile>
    <ClCompile Include="..\src\SvpSampleFasterRcnn.cpp">
      <Filter>SvpSample\src</Filter>
    </ClCompile>
    <ClCompile Include="..\src\SvpSampleLSTM.cpp">
      <Filter>SvpSample\src</Filter>
    </ClCompile>
    <ClCompile Include="..\src\SvpSampleNetCom.cpp">
      <Filter>SvpSample\src</Filter>
    </ClCompile>
    <ClCompile Include="..\src\SvpSampleRFCN.cpp">
      <Filter>SvpSample\src</Filter>
    </ClCompile>
    <ClCompile Include="..\src\SvpSampleSegnet.cpp">
      <Filter>SvpSample\src</Filter>
    </ClCompile>
    <ClCompile Include="..\src\SvpSampleYolov1.cpp">
      <Filter>SvpSample\src</Filter>
    </ClCompile>
    <ClCompile Include="..\src\SvpSampleYolov2.cpp">
      <Filter>SvpSample\src</Filter>
    </ClCompile>
    <ClCompile Include="..\src\SvpSampleYolov3.cpp">
      <Filter>SvpSample\src</Filter>
    </ClCompile>
    <ClCompile Include="..\src\SvpSampleSsd.cpp">
      <Filter>SvpSample\src</Filter>
    </ClCompile>
    <ClCompile Include="..\utils\cv\src\cv_read_image.cpp">
      <Filter>CV\src</Filter>
    </ClCompile>
    <ClCompile Include="..\utils\cv\src\cv_write_segment.cpp">
      <Filter>CV\src</Filter>
    </ClCompile>
    <ClCompile Include="..\utils\cv\src\cv_draw_rect.cpp">
      <Filter>CV\src</Filter>
    </ClCompile>
  </ItemGroup>
  <ItemGroup>
    <ClInclude Include="..\detection\common\include\detectionCom.h">
      <Filter>Detection\include</Filter>
    </ClInclude>
    <ClInclude Include="..\detection\fasterrcnn\include\fasterrcnn_interface.h">
      <Filter>Detection\include</Filter>
    </ClInclude>
    <ClInclude Include="..\detection\rfcn\include\rfcn_interface.h">
      <Filter>Detection\include</Filter>
    </ClInclude>
    <ClInclude Include="..\detection\yolo\include\yolo_interface.h">
      <Filter>Detection\include</Filter>
    </ClInclude>
    <ClInclude Include="..\detection\ssd\include\ssd_interface.h">
      <Filter>Detection\include</Filter>
    </ClInclude>
    <ClInclude Include="..\detection\ssd\include\ssd_software.h">
      <Filter>Detection\include</Filter>
    </ClInclude>
    <ClInclude Include="..\utils\cv\include\cv_read_image.h">
      <Filter>CV\include</Filter>
    </ClInclude>
    <ClInclude Include="..\utils\cv\include\cv_write_segment.h">
      <Filter>CV\include</Filter>
    </ClInclude>
    <ClInclude Include="..\utils\cv\include\cv_draw_rect.h">
      <Filter>CV\include</Filter>
    </ClInclude>
    <ClInclude Include="..\include\SvpSampleCom.h">
      <Filter>SvpSample\include</Filter>
    </ClInclude>
    <ClInclude Include="..\include\SvpSampleWk.h">
      <Filter>SvpSample\include</Filter>
    </ClInclude>
    <ClInclude Include="..\include\SvpSampleYolo.h">
      <Filter>SvpSample\include</Filter>
    </ClInclude>
    <ClInclude Include="..\include\SvpSampleSsd.h">
      <Filter>SvpSample\include</Filter>
    </ClInclude>
  </ItemGroup>
  <ItemGroup>
    <Filter Include="SvpSample">
      <UniqueIdentifier>{0955ffa9-3e4c-4428-bf76-7de6a635bd42}</UniqueIdentifier>
    </Filter>
    <Filter Include="CV">
      <UniqueIdentifier>{65e29cc2-8411-4bbb-ab58-99c8f49022cb}</UniqueIdentifier>
    </Filter>
    <Filter Include="CV\include">
      <UniqueIdentifier>{9116f261-96e1-4c7f-a97e-d408aa422caa}</UniqueIdentifier>
    </Filter>
    <Filter Include="CV\src">
      <UniqueIdentifier>{8186c510-9a34-4388-8412-f08a4dd11f43}</UniqueIdentifier>
    </Filter>
    <Filter Include="SvpSample\src">
      <UniqueIdentifier>{a4401e57-53d5-4280-8549-b6ea589243c5}</UniqueIdentifier>
    </Filter>
    <Filter Include="SvpSample\include">
      <UniqueIdentifier>{69ecf9b6-9ef6-4129-8464-9d264f010e9f}</UniqueIdentifier>
    </Filter>
    <Filter Include="Detection">
      <UniqueIdentifier>{d9386c17-ce2c-4468-ae92-6115b01ef0d2}</UniqueIdentifier>
    </Filter>
    <Filter Include="Detection\include">
      <UniqueIdentifier>{185d76b5-91ba-4653-997a-2b933a18da79}</UniqueIdentifier>
    </Filter>
    <Filter Include="Detection\src">
      <UniqueIdentifier>{8ce23af3-81d2-435b-99ed-8b2833ce0fd4}</UniqueIdentifier>
    </Filter>
  </ItemGroup>
</Project>