<?xml version="1.0" encoding="utf-8"?>
<Project ToolsVersion="4.0" xmlns="http://schemas.microsoft.com/developer/msbuild/2003">
  <ItemGroup>
    <ClCompile Include="..\src\main.cpp" />
    <ClCompile Include="..\detection\common\src\detectionCom.cpp">
      <Filter>Detection\src</Filter>
    </ClCompile>
    <ClCompile Include="..\detection\fasterrcnn\src\fasterrcnn_interface.cpp">
      <Filter>Detection\src</Filter>
    </ClCompile>
    <ClCompile Include="..\detection\rfcn\src\rfcn_interface.cpp">
      <Filter>Detection\src</Filter>
    </ClCompile>
    <ClCompile Include="..\detection\yolo\src\yolo_interface.cpp">
      <Filter>Detection\src</Filter>
    </ClCompile>
    <ClCompile Include="..\detection\ssd\src\ssd_interface.cpp">
      <Filter>Detection\src</Filter>
    </ClCompile>
    <ClCompile Include="..\detection\ssd\src\ssd_software.cpp">
      <Filter>Detection\src</Filter>
    </ClCompile>
    <ClCompile Include="..\src\SvpSampleClassification.cpp">
      <Filter>SvpSample\src</Filter>
    </ClCompile>
    <ClCompile Include="..\src\SvpSampleCom.cpp">
      <Filter>SvpSample\src</Filter>
    </ClCompile>
    <ClCompile Include="..\src\SvpSampleDetectionOneSeg.cpp">
      <Filter>SvpSample\src</Filter>
    </ClCompile>
    <ClCompile Include="..\src\SvpSampleFasterRcnn.cpp">
      <Filter>SvpSample\src</Filter>
    </ClCompile>
    <ClCompile Include="..\src\SvpSampleLSTM.cpp">
      <Filter>SvpSample\src</Filter>
    </ClCompile>
    <ClCompile Include="..\src\SvpSampleNetCom.cpp">
      <Filter>SvpSample\src</Filter>
    </ClCompile>
    <ClCompile Include="..\src\SvpSampleRFCN.cpp">
      <Filter>SvpSample\src</Filter>
    </ClCompile>
    <ClCompile Include="..\src\SvpSampleSegnet.cpp">
      <Filter>SvpSample\src</Filter>
    </ClCompile>
    <ClCompile Include="..\src\SvpSampleYolov1.cpp">
      <Filter>SvpSample\src</Filter>
    </ClCompile>
    <ClCompile Include="..\src\SvpSampleYolov2.cpp">
      <Filter>SvpSample\src</Filter>
    </ClCompile>
    <ClCompile Include="..\src\SvpSampleYolov3.cpp">
      <Filter>SvpSample\src</Filter>
    </ClCompile>
    <ClCompile Include="..\src\SvpSampleSsd.cpp">
      <Filter>SvpSample\src</Filter>
    </ClCompile>
  </ItemGroup>
  <ItemGroup>
    <ClInclude Include="..\detection\common\include\detectionCom.h">
      <Filter>Detection\include</Filter>
    </ClInclude>
    <ClInclude Include="..\detection\fasterrcnn\include\fasterrcnn_interface.h">
      <Filter>Detection\include</Filter>
    </ClInclude>
    <ClInclude Include="..\detection\rfcn\include\rfcn_interface.h">
      <Filter>Detection\include</Filter>
    </ClInclude>
    <ClInclude Include="..\detection\yolo\include\yolo_interface.h">
      <Filter>Detection\include</Filter>
    </ClInclude>
    <ClInclude Include="..\detection\ssd\include\ssd_interface.h">
      <Filter>Detection\include</Filter>
    </ClInclude>
    <ClInclude Include="..\detection\ssd\include\ssd_software.h">
      <Filter>Detection\include</Filter>
    </ClInclude>
    <ClInclude Include="..\include\SvpSampleCom.h">
      <Filter>SvpSample\include</Filter>
    </ClInclude>
    <ClInclude Include="..\include\SvpSampleWk.h">
      <Filter>SvpSample\include</Filter>
    </ClInclude>
    <ClInclude Include="..\include\SvpSampleYolo.h">
      <Filter>SvpSample\include</Filter>
    </ClInclude>
    <ClInclude Include="..\include\SvpSampleSsd.h">
      <Filter>SvpSample\include</Filter>
    </ClInclude>
  </ItemGroup>
  <ItemGroup>
    <Filter Include="Detection">
      <UniqueIdentifier>{c3a36d52-edd7-4f21-83b8-4e20c498f87c}</UniqueIdentifier>
    </Filter>
    <Filter Include="Detection\include">
      <UniqueIdentifier>{e4836b8d-c4f7-404e-a84c-ab098237579f}</UniqueIdentifier>
    </Filter>
    <Filter Include="Detection\src">
      <UniqueIdentifier>{74baf794-7a0e-4960-bbf0-38674f18a837}</UniqueIdentifier>
    </Filter>
    <Filter Include="SvpSample">
      <UniqueIdentifier>{10534c18-e69a-45d8-b9e1-16a36c805f81}</UniqueIdentifier>
    </Filter>
    <Filter Include="SvpSample\src">
      <UniqueIdentifier>{432cf40f-bd5a-42ec-84d0-327ee6ac31de}</UniqueIdentifier>
    </Filter>
    <Filter Include="SvpSample\include">
      <UniqueIdentifier>{0b9f58a7-15fd-4e9b-8880-989e646a75be}</UniqueIdentifier>
    </Filter>
  </ItemGroup>
</Project>